
Microsoft Visual Studio Solution File, Format Version 12.00
# Visual Studio Version 17
VisualStudioVersion = 17.3.32929.385
MinimumVisualStudioVersion = 10.0.40219.1
Project("{9A19103F-16F7-4668-BE54-9A1E7A4F7556}") = "InternalSystem", "InternalSystem\InternalSystem.csproj", "{8C498054-4A99-4678-90BE-2C74EA94F906}"
EndProject
Global
	GlobalSection(SolutionConfigurationPlatforms) = preSolution
		Debug|Any CPU = Debug|Any CPU
		Release|Any CPU = Release|Any CPU
	EndGlobalSection
	GlobalSection(ProjectConfigurationPlatforms) = postSolution
		{8C498054-4A99-4678-90BE-2C74EA94F906}.Debug|Any CPU.ActiveCfg = Debug|Any CPU
		{8C498054-4A99-4678-90BE-2C74EA94F906}.Debug|Any CPU.Build.0 = Debug|Any CPU
		{8C498054-4A99-4678-90BE-2C74EA94F906}.Release|Any CPU.ActiveCfg = Release|Any CPU
		{8C498054-4A99-4678-90BE-2C74EA94F906}.Release|Any CPU.Build.0 = Release|Any CPU
	EndGlobalSection
	GlobalSection(SolutionProperties) = preSolution
		HideSolutionNode = FALSE
	EndGlobalSection
	GlobalSection(ExtensibilityGlobals) = postSolution
		SolutionGuid = {875DB264-D9F5-4BFD-B64F-901712BD2A01}
	EndGlobalSection
EndGlobal
